
Microsoft Visual Studio Solution File, Format Version 12.00
# Visual Studio 2013
VisualStudioVersion = 12.0.31101.0
MinimumVisualStudioVersion = 10.0.40219.1
Project("{FAE04EC0-301F-11D3-BF4B-00C04F79EFBC}") = "ViKi.NetMVCBoilerPlate.Web", "ViKi.NetMVCBoilerPlate\ViKi.NetMVCBoilerPlate.Web.csproj", "{B594D258-1B30-4ED6-B68A-B7989D91B1FB}"
EndProject
Project("{FAE04EC0-301F-11D3-BF4B-00C04F79EFBC}") = "ViKi.NetMVCBoilerPlate.Utilities", "ViKi.NetMVCBoilerPlate.Utilities\ViKi.NetMVCBoilerPlate.Utilities.csproj", "{EFE99E2D-36F7-475C-8063-2E799C755DC4}"
EndProject
Global
	GlobalSection(SolutionConfigurationPlatforms) = preSolution
		Debug|Any CPU = Debug|Any CPU
		Release|Any CPU = Release|Any CPU
	EndGlobalSection
	GlobalSection(ProjectConfigurationPlatforms) = postSolution
		{B594D258-1B30-4ED6-B68A-B7989D91B1FB}.Debug|Any CPU.ActiveCfg = Debug|Any CPU
		{B594D258-1B30-4ED6-B68A-B7989D91B1FB}.Debug|Any CPU.Build.0 = Debug|Any CPU
		{B594D258-1B30-4ED6-B68A-B7989D91B1FB}.Release|Any CPU.ActiveCfg = Release|Any CPU
		{B594D258-1B30-4ED6-B68A-B7989D91B1FB}.Release|Any CPU.Build.0 = Release|Any CPU
		{EFE99E2D-36F7-475C-8063-2E799C755DC4}.Debug|Any CPU.ActiveCfg = Debug|Any CPU
		{EFE99E2D-36F7-475C-8063-2E799C755DC4}.Debug|Any CPU.Build.0 = Debug|Any CPU
		{EFE99E2D-36F7-475C-8063-2E799C755DC4}.Release|Any CPU.ActiveCfg = Release|Any CPU
		{EFE99E2D-36F7-475C-8063-2E799C755DC4}.Release|Any CPU.Build.0 = Release|Any CPU
	EndGlobalSection
	GlobalSection(SolutionProperties) = preSolution
		HideSolutionNode = FALSE
	EndGlobalSection
EndGlobal
